// !$*UTF8*$!
{
	archiveVersion = 1;
	classes = {
	};
	objectVersion = 56;
	objects = {

/* Begin PBXBuildFile section */
		932C749429A40595007EA8CE /* TimerDemoApp.swift in Sources */ = {isa = PBXBuildFile; fileRef = 932C749329A40595007EA8CE /* TimerDemoApp.swift */; };
		932C749629A40595007EA8CE /* ContentView.swift in Sources */ = {isa = PBXBuildFile; fileRef = 932C749529A40595007EA8CE /* ContentView.swift */; };
		932C749829A40596007EA8CE /* Assets.xcassets in Resources */ = {isa = PBXBuildFile; fileRef = 932C749729A40596007EA8CE /* Assets.xcassets */; };
		932C749B29A40596007EA8CE /* Preview Assets.xcassets in Resources */ = {isa = PBXBuildFile; fileRef = 932C749A29A40596007EA8CE /* Preview Assets.xcassets */; };
		932C74A529A40596007EA8CE /* TimerDemoTests.swift in Sources */ = {isa = PBXBuildFile; fileRef = 932C74A429A40596007EA8CE /* TimerDemoTests.swift */; };
		932C74AF29A40596007EA8CE /* TimerDemoUITests.swift in Sources */ = {isa = PBXBuildFile; fileRef = 932C74AE29A40596007EA8CE /* TimerDemoUITests.swift */; };
		932C74B129A40596007EA8CE /* TimerDemoUITestsLaunchTests.swift in Sources */ = {isa = PBXBuildFile; fileRef = 932C74B029A40596007EA8CE /* TimerDemoUITestsLaunchTests.swift */; };
		936D904D29A443EA00C92FE5 /* StartButtonStyle.swift in Sources */ = {isa = PBXBuildFile; fileRef = 936D904C29A443EA00C92FE5 /* StartButtonStyle.swift */; };
		93C747AD2A6F67AA00119566 /* CircularProgressView.swift in Sources */ = {isa = PBXBuildFile; fileRef = 93C747AB2A6F67AA00119566 /* CircularProgressView.swift */; };
		93C747AE2A6F67AA00119566 /* TimePickerView.swift in Sources */ = {isa = PBXBuildFile; fileRef = 93C747AC2A6F67AA00119566 /* TimePickerView.swift */; };
		93C747B12A6F67B400119566 /* Int+Extension.swift in Sources */ = {isa = PBXBuildFile; fileRef = 93C747B02A6F67B400119566 /* Int+Extension.swift */; };
/* End PBXBuildFile section */

/* Begin PBXContainerItemProxy section */
		932C74A129A40596007EA8CE /* PBXContainerItemProxy */ = {
			isa = PBXContainerItemProxy;
			containerPortal = 932C748829A40595007EA8CE /* Project object */;
			proxyType = 1;
			remoteGlobalIDString = 932C748F29A40595007EA8CE;
			remoteInfo = TimerDemo;
		};
		932C74AB29A40596007EA8CE /* PBXContainerItemProxy */ = {
			isa = PBXContainerItemProxy;
			containerPortal = 932C748829A40595007EA8CE /* Project object */;
			proxyType = 1;
			remoteGlobalIDString = 932C748F29A40595007EA8CE;
			remoteInfo = TimerDemo;
		};
/* End PBXContainerItemProxy section */

/* Begin PBXFileReference section */
		932C749029A40595007EA8CE /* TimerDemo.app */ = {isa = PBXFileReference; explicitFileType = wrapper.application; includeInIndex = 0; path = TimerDemo.app; sourceTree = BUILT_PRODUCTS_DIR; };
		932C749329A40595007EA8CE /* TimerDemoApp.swift */ = {isa = PBXFileReference; lastKnownFileType = sourcecode.swift; path = TimerDemoApp.swift; sourceTree = "<group>"; };
		932C749529A40595007EA8CE /* ContentView.swift */ = {isa = PBXFileReference; lastKnownFileType = sourcecode.swift; path = ContentView.swift; sourceTree = "<group>"; };
		932C749729A40596007EA8CE /* Assets.xcassets */ = {isa = PBXFileReference; lastKnownFileType = folder.assetcatalog; path = Assets.xcassets; sourceTree = "<group>"; };
		932C749A29A40596007EA8CE /* Preview Assets.xcassets */ = {isa = PBXFileReference; lastKnownFileType = folder.assetcatalog; path = "Preview Assets.xcassets"; sourceTree = "<group>"; };
		932C74A029A40596007EA8CE /* TimerDemoTests.xctest */ = {isa = PBXFileReference; explicitFileType = wrapper.cfbundle; includeInIndex = 0; path = TimerDemoTests.xctest; sourceTree = BUILT_PRODUCTS_DIR; };
		932C74A429A40596007EA8CE /* TimerDemoTests.swift */ = {isa = PBXFileReference; lastKnownFileType = sourcecode.swift; path = TimerDemoTests.swift; sourceTree = "<group>"; };
		932C74AA29A40596007EA8CE /* TimerDemoUITests.xctest */ = {isa = PBXFileReference; explicitFileType = wrapper.cfbundle; includeInIndex = 0; path = TimerDemoUITests.xctest; sourceTree = BUILT_PRODUCTS_DIR; };
		932C74AE29A40596007EA8CE /* TimerDemoUITests.swift */ = {isa = PBXFileReference; lastKnownFileType = sourcecode.swift; path = TimerDemoUITests.swift; sourceTree = "<group>"; };
		932C74B029A40596007EA8CE /* TimerDemoUITestsLaunchTests.swift */ = {isa = PBXFileReference; lastKnownFileType = sourcecode.swift; path = TimerDemoUITestsLaunchTests.swift; sourceTree = "<group>"; };
		936D904C29A443EA00C92FE5 /* StartButtonStyle.swift */ = {isa = PBXFileReference; lastKnownFileType = sourcecode.swift; path = StartButtonStyle.swift; sourceTree = "<group>"; };
		93C747AB2A6F67AA00119566 /* CircularProgressView.swift */ = {isa = PBXFileReference; fileEncoding = 4; lastKnownFileType = sourcecode.swift; path = CircularProgressView.swift; sourceTree = "<group>"; };
		93C747AC2A6F67AA00119566 /* TimePickerView.swift */ = {isa = PBXFileReference; fileEncoding = 4; lastKnownFileType = sourcecode.swift; path = TimePickerView.swift; sourceTree = "<group>"; };
		93C747B02A6F67B400119566 /* Int+Extension.swift */ = {isa = PBXFileReference; fileEncoding = 4; lastKnownFileType = sourcecode.swift; path = "Int+Extension.swift"; sourceTree = "<group>"; };
/* End PBXFileReference section */

/* Begin PBXFrameworksBuildPhase section */
		932C748D29A40595007EA8CE /* Frameworks */ = {
			isa = PBXFrameworksBuildPhase;
			buildActionMask = 2147483647;
			files = (
			);
			runOnlyForDeploymentPostprocessing = 0;
		};
		932C749D29A40596007EA8CE /* Frameworks */ = {
			isa = PBXFrameworksBuildPhase;
			buildActionMask = 2147483647;
			files = (
			);
			runOnlyForDeploymentPostprocessing = 0;
		};
		932C74A729A40596007EA8CE /* Frameworks */ = {
			isa = PBXFrameworksBuildPhase;
			buildActionMask = 2147483647;
			files = (
			);
			runOnlyForDeploymentPostprocessing = 0;
		};
/* End PBXFrameworksBuildPhase section */

/* Begin PBXGroup section */
		932C748729A40595007EA8CE = {
			isa = PBXGroup;
			children = (
				932C749229A40595007EA8CE /* TimerDemo */,
				932C74A329A40596007EA8CE /* TimerDemoTests */,
				932C74AD29A40596007EA8CE /* TimerDemoUITests */,
				932C749129A40595007EA8CE /* Products */,
			);
			sourceTree = "<group>";
		};
		932C749129A40595007EA8CE /* Products */ = {
			isa = PBXGroup;
			children = (
				932C749029A40595007EA8CE /* TimerDemo.app */,
				932C74A029A40596007EA8CE /* TimerDemoTests.xctest */,
				932C74AA29A40596007EA8CE /* TimerDemoUITests.xctest */,
			);
			name = Products;
			sourceTree = "<group>";
		};
		932C749229A40595007EA8CE /* TimerDemo */ = {
			isa = PBXGroup;
			children = (
				93C747AF2A6F67B400119566 /* Extensions */,
				93C747AB2A6F67AA00119566 /* CircularProgressView.swift */,
				93C747AC2A6F67AA00119566 /* TimePickerView.swift */,
				932C749329A40595007EA8CE /* TimerDemoApp.swift */,
				932C749529A40595007EA8CE /* ContentView.swift */,
				936D904B29A443DC00C92FE5 /* ButtonStyles */,
				932C749729A40596007EA8CE /* Assets.xcassets */,
				932C749929A40596007EA8CE /* Preview Content */,
			);
			path = TimerDemo;
			sourceTree = "<group>";
		};
		932C749929A40596007EA8CE /* Preview Content */ = {
			isa = PBXGroup;
			children = (
				932C749A29A40596007EA8CE /* Preview Assets.xcassets */,
			);
			path = "Preview Content";
			sourceTree = "<group>";
		};
		932C74A329A40596007EA8CE /* TimerDemoTests */ = {
			isa = PBXGroup;
			children = (
				932C74A429A40596007EA8CE /* TimerDemoTests.swift */,
			);
			path = TimerDemoTests;
			sourceTree = "<group>";
		};
		932C74AD29A40596007EA8CE /* TimerDemoUITests */ = {
			isa = PBXGroup;
			children = (
				932C74AE29A40596007EA8CE /* TimerDemoUITests.swift */,
				932C74B029A40596007EA8CE /* TimerDemoUITestsLaunchTests.swift */,
			);
			path = TimerDemoUITests;
			sourceTree = "<group>";
		};
		936D904B29A443DC00C92FE5 /* ButtonStyles */ = {
			isa = PBXGroup;
			children = (
				936D904C29A443EA00C92FE5 /* StartButtonStyle.swift */,
			);
			path = ButtonStyles;
			sourceTree = "<group>";
		};
		93C747AF2A6F67B400119566 /* Extensions */ = {
			isa = PBXGroup;
			children = (
				93C747B02A6F67B400119566 /* Int+Extension.swift */,
			);
			path = Extensions;
			sourceTree = "<group>";
		};
/* End PBXGroup section */

/* Begin PBXNativeTarget section */
		932C748F29A40595007EA8CE /* TimerDemo */ = {
			isa = PBXNativeTarget;
			buildConfigurationList = 932C74B429A40596007EA8CE /* Build configuration list for PBXNativeTarget "TimerDemo" */;
			buildPhases = (
				932C748C29A40595007EA8CE /* Sources */,
				932C748D29A40595007EA8CE /* Frameworks */,
				932C748E29A40595007EA8CE /* Resources */,
			);
			buildRules = (
			);
			dependencies = (
			);
			name = TimerDemo;
			productName = TimerDemo;
			productReference = 932C749029A40595007EA8CE /* TimerDemo.app */;
			productType = "com.apple.product-type.application";
		};
		932C749F29A40596007EA8CE /* TimerDemoTests */ = {
			isa = PBXNativeTarget;
			buildConfigurationList = 932C74B729A40596007EA8CE /* Build configuration list for PBXNativeTarget "TimerDemoTests" */;
			buildPhases = (
				932C749C29A40596007EA8CE /* Sources */,
				932C749D29A40596007EA8CE /* Frameworks */,
				932C749E29A40596007EA8CE /* Resources */,
			);
			buildRules = (
			);
			dependencies = (
				932C74A229A40596007EA8CE /* PBXTargetDependency */,
			);
			name = TimerDemoTests;
			productName = TimerDemoTests;
			productReference = 932C74A029A40596007EA8CE /* TimerDemoTests.xctest */;
			productType = "com.apple.product-type.bundle.unit-test";
		};
		932C74A929A40596007EA8CE /* TimerDemoUITests */ = {
			isa = PBXNativeTarget;
			buildConfigurationList = 932C74BA29A40596007EA8CE /* Build configuration list for PBXNativeTarget "TimerDemoUITests" */;
			buildPhases = (
				932C74A629A40596007EA8CE /* Sources */,
				932C74A729A40596007EA8CE /* Frameworks */,
				932C74A829A40596007EA8CE /* Resources */,
			);
			buildRules = (
			);
			dependencies = (
				932C74AC29A40596007EA8CE /* PBXTargetDependency */,
			);
			name = TimerDemoUITests;
			productName = TimerDemoUITests;
			productReference = 932C74AA29A40596007EA8CE /* TimerDemoUITests.xctest */;
			productType = "com.apple.product-type.bundle.ui-testing";
		};
/* End PBXNativeTarget section */

/* Begin PBXProject section */
		932C748829A40595007EA8CE /* Project object */ = {
			isa = PBXProject;
			attributes = {
				BuildIndependentTargetsInParallel = 1;
				LastSwiftUpdateCheck = 1420;
				LastUpgradeCheck = 1420;
				TargetAttributes = {
					932C748F29A40595007EA8CE = {
						CreatedOnToolsVersion = 14.2;
					};
					932C749F29A40596007EA8CE = {
						CreatedOnToolsVersion = 14.2;
						TestTargetID = 932C748F29A40595007EA8CE;
					};
					932C74A929A40596007EA8CE = {
						CreatedOnToolsVersion = 14.2;
						TestTargetID = 932C748F29A40595007EA8CE;
					};
				};
			};
			buildConfigurationList = 932C748B29A40595007EA8CE /* Build configuration list for PBXProject "TimerDemo" */;
			compatibilityVersion = "Xcode 14.0";
			developmentRegion = en;
			hasScannedForEncodings = 0;
			knownRegions = (
				en,
				Base,
			);
			mainGroup = 932C748729A40595007EA8CE;
			productRefGroup = 932C749129A40595007EA8CE /* Products */;
			projectDirPath = "";
			projectRoot = "";
			targets = (
				932C748F29A40595007EA8CE /* TimerDemo */,
				932C749F29A40596007EA8CE /* TimerDemoTests */,
				932C74A929A40596007EA8CE /* TimerDemoUITests */,
			);
		};
/* End PBXProject section */

/* Begin PBXResourcesBuildPhase section */
		932C748E29A40595007EA8CE /* Resources */ = {
			isa = PBXResourcesBuildPhase;
			buildActionMask = 2147483647;
			files = (
				932C749B29A40596007EA8CE /* Preview Assets.xcassets in Resources */,
				932C749829A40596007EA8CE /* Assets.xcassets in Resources */,
			);
			runOnlyForDeploymentPostprocessing = 0;
		};
		932C749E29A40596007EA8CE /* Resources */ = {
			isa = PBXResourcesBuildPhase;
			buildActionMask = 2147483647;
			files = (
			);
			runOnlyForDeploymentPostprocessing = 0;
		};
		932C74A829A40596007EA8CE /* Resources */ = {
			isa = PBXResourcesBuildPhase;
			buildActionMask = 2147483647;
			files = (
			);
			runOnlyForDeploymentPostprocessing = 0;
		};
/* End PBXResourcesBuildPhase section */

/* Begin PBXSourcesBuildPhase section */
		932C748C29A40595007EA8CE /* Sources */ = {
			isa = PBXSourcesBuildPhase;
			buildActionMask = 2147483647;
			files = (
				936D904D29A443EA00C92FE5 /* StartButtonStyle.swift in Sources */,
				932C749629A40595007EA8CE /* ContentView.swift in Sources */,
				93C747AD2A6F67AA00119566 /* CircularProgressView.swift in Sources */,
				93C747B12A6F67B400119566 /* Int+Extension.swift in Sources */,
				93C747AE2A6F67AA00119566 /* TimePickerView.swift in Sources */,
				932C749429A40595007EA8CE /* TimerDemoApp.swift in Sources */,
			);
			runOnlyForDeploymentPostprocessing = 0;
		};
		932C749C29A40596007EA8CE /* Sources */ = {
			isa = PBXSourcesBuildPhase;
			buildActionMask = 2147483647;
			files = (
				932C74A529A40596007EA8CE /* TimerDemoTests.swift in Sources */,
			);
			runOnlyForDeploymentPostprocessing = 0;
		};
		932C74A629A40596007EA8CE /* Sources */ = {
			isa = PBXSourcesBuildPhase;
			buildActionMask = 2147483647;
			files = (
				932C74AF29A40596007EA8CE /* TimerDemoUITests.swift in Sources */,
				932C74B129A40596007EA8CE /* TimerDemoUITestsLaunchTests.swift in Sources */,
			);
			runOnlyForDeploymentPostprocessing = 0;
		};
/* End PBXSourcesBuildPhase section */

/* Begin PBXTargetDependency section */
		932C74A229A40596007EA8CE /* PBXTargetDependency */ = {
			isa = PBXTargetDependency;
			target = 932C748F29A40595007EA8CE /* TimerDemo */;
			targetProxy = 932C74A129A40596007EA8CE /* PBXContainerItemProxy */;
		};
		932C74AC29A40596007EA8CE /* PBXTargetDependency */ = {
			isa = PBXTargetDependency;
			target = 932C748F29A40595007EA8CE /* TimerDemo */;
			targetProxy = 932C74AB29A40596007EA8CE /* PBXContainerItemProxy */;
		};
/* End PBXTargetDependency section */

/* Begin XCBuildConfiguration section */
		932C74B229A40596007EA8CE /* Debug */ = {
			isa = XCBuildConfiguration;
			buildSettings = {
				ALWAYS_SEARCH_USER_PATHS = NO;
				CLANG_ANALYZER_NONNULL = YES;
				CLANG_ANALYZER_NUMBER_OBJECT_CONVERSION = YES_AGGRESSIVE;
				CLANG_CXX_LANGUAGE_STANDARD = "gnu++20";
				CLANG_ENABLE_MODULES = YES;
				CLANG_ENABLE_OBJC_ARC = YES;
				CLANG_ENABLE_OBJC_WEAK = YES;
				CLANG_WARN_BLOCK_CAPTURE_AUTORELEASING = YES;
				CLANG_WARN_BOOL_CONVERSION = YES;
				CLANG_WARN_COMMA = YES;
				CLANG_WARN_CONSTANT_CONVERSION = YES;
				CLANG_WARN_DEPRECATED_OBJC_IMPLEMENTATIONS = YES;
				CLANG_WARN_DIRECT_OBJC_ISA_USAGE = YES_ERROR;
				CLANG_WARN_DOCUMENTATION_COMMENTS = YES;
				CLANG_WARN_EMPTY_BODY = YES;
				CLANG_WARN_ENUM_CONVERSION = YES;
				CLANG_WARN_INFINITE_RECURSION = YES;
				CLANG_WARN_INT_CONVERSION = YES;
				CLANG_WARN_NON_LITERAL_NULL_CONVERSION = YES;
				CLANG_WARN_OBJC_IMPLICIT_RETAIN_SELF = YES;
				CLANG_WARN_OBJC_LITERAL_CONVERSION = YES;
				CLANG_WARN_OBJC_ROOT_CLASS = YES_ERROR;
				CLANG_WARN_QUOTED_INCLUDE_IN_FRAMEWORK_HEADER = YES;
				CLANG_WARN_RANGE_LOOP_ANALYSIS = YES;
				CLANG_WARN_STRICT_PROTOTYPES = YES;
				CLANG_WARN_SUSPICIOUS_MOVE = YES;
				CLANG_WARN_UNGUARDED_AVAILABILITY = YES_AGGRESSIVE;
				CLANG_WARN_UNREACHABLE_CODE = YES;
				CLANG_WARN__DUPLICATE_METHOD_MATCH = YES;
				COPY_PHASE_STRIP = NO;
				DEBUG_INFORMATION_FORMAT = dwarf;
				ENABLE_STRICT_OBJC_MSGSEND = YES;
				ENABLE_TESTABILITY = YES;
				GCC_C_LANGUAGE_STANDARD = gnu11;
				GCC_DYNAMIC_NO_PIC = NO;
				GCC_NO_COMMON_BLOCKS = YES;
				GCC_OPTIMIZATION_LEVEL = 0;
				GCC_PREPROCESSOR_DEFINITIONS = (
					"DEBUG=1",
					"$(inherited)",
				);
				GCC_WARN_64_TO_32_BIT_CONVERSION = YES;
				GCC_WARN_ABOUT_RETURN_TYPE = YES_ERROR;
				GCC_WARN_UNDECLARED_SELECTOR = YES;
				GCC_WARN_UNINITIALIZED_AUTOS = YES_AGGRESSIVE;
				GCC_WARN_UNUSED_FUNCTION = YES;
				GCC_WARN_UNUSED_VARIABLE = YES;
				IPHONEOS_DEPLOYMENT_TARGET = 16.2;
				MTL_ENABLE_DEBUG_INFO = INCLUDE_SOURCE;
				MTL_FAST_MATH = YES;
				ONLY_ACTIVE_ARCH = YES;
				SDKROOT = iphoneos;
				SWIFT_ACTIVE_COMPILATION_CONDITIONS = DEBUG;
				SWIFT_OPTIMIZATION_LEVEL = "-Onone";
			};
			name = Debug;
		};
		932C74B329A40596007EA8CE /* Release */ = {
			isa = XCBuildConfiguration;
			buildSettings = {
				ALWAYS_SEARCH_USER_PATHS = NO;
				CLANG_ANALYZER_NONNULL = YES;
				CLANG_ANALYZER_NUMBER_OBJECT_CONVERSION = YES_AGGRESSIVE;
				CLANG_CXX_LANGUAGE_STANDARD = "gnu++20";
				CLANG_ENABLE_MODULES = YES;
				CLANG_ENABLE_OBJC_ARC = YES;
				CLANG_ENABLE_OBJC_WEAK = YES;
				CLANG_WARN_BLOCK_CAPTURE_AUTORELEASING = YES;
				CLANG_WARN_BOOL_CONVERSION = YES;
				CLANG_WARN_COMMA = YES;
				CLANG_WARN_CONSTANT_CONVERSION = YES;
				CLANG_WARN_DEPRECATED_OBJC_IMPLEMENTATIONS = YES;
				CLANG_WARN_DIRECT_OBJC_ISA_USAGE = YES_ERROR;
				CLANG_WARN_DOCUMENTATION_COMMENTS = YES;
				CLANG_WARN_EMPTY_BODY = YES;
				CLANG_WARN_ENUM_CONVERSION = YES;
				CLANG_WARN_INFINITE_RECURSION = YES;
				CLANG_WARN_INT_CONVERSION = YES;
				CLANG_WARN_NON_LITERAL_NULL_CONVERSION = YES;
				CLANG_WARN_OBJC_IMPLICIT_RETAIN_SELF = YES;
				CLANG_WARN_OBJC_LITERAL_CONVERSION = YES;
				CLANG_WARN_OBJC_ROOT_CLASS = YES_ERROR;
				CLANG_WARN_QUOTED_INCLUDE_IN_FRAMEWORK_HEADER = YES;
				CLANG_WARN_RANGE_LOOP_ANALYSIS = YES;
				CLANG_WARN_STRICT_PROTOTYPES = YES;
				CLANG_WARN_SUSPICIOUS_MOVE = YES;
				CLANG_WARN_UNGUARDED_AVAILABILITY = YES_AGGRESSIVE;
				CLANG_WARN_UNREACHABLE_CODE = YES;
				CLANG_WARN__DUPLICATE_METHOD_MATCH = YES;
				COPY_PHASE_STRIP = NO;
				DEBUG_INFORMATION_FORMAT = "dwarf-with-dsym";
				ENABLE_NS_ASSERTIONS = NO;
				ENABLE_STRICT_OBJC_MSGSEND = YES;
				GCC_C_LANGUAGE_STANDARD = gnu11;
				GCC_NO_COMMON_BLOCKS = YES;
				GCC_WARN_64_TO_32_BIT_CONVERSION = YES;
				GCC_WARN_ABOUT_RETURN_TYPE = YES_ERROR;
				GCC_WARN_UNDECLARED_SELECTOR = YES;
				GCC_WARN_UNINITIALIZED_AUTOS = YES_AGGRESSIVE;
				GCC_WARN_UNUSED_FUNCTION = YES;
				GCC_WARN_UNUSED_VARIABLE = YES;
				IPHONEOS_DEPLOYMENT_TARGET = 16.2;
				MTL_ENABLE_DEBUG_INFO = NO;
				MTL_FAST_MATH = YES;
				SDKROOT = iphoneos;
				SWIFT_COMPILATION_MODE = wholemodule;
				SWIFT_OPTIMIZATION_LEVEL = "-O";
				VALIDATE_PRODUCT = YES;
			};
			name = Release;
		};
		932C74B529A40596007EA8CE /* Debug */ = {
			isa = XCBuildConfiguration;
			buildSettings = {
				ASSETCATALOG_COMPILER_APPICON_NAME = AppIcon;
				ASSETCATALOG_COMPILER_GLOBAL_ACCENT_COLOR_NAME = AccentColor;
				CODE_SIGN_STYLE = Automatic;
				CURRENT_PROJECT_VERSION = 1;
				DEVELOPMENT_ASSET_PATHS = "\"TimerDemo/Preview Content\"";
				DEVELOPMENT_TEAM = W735WRNN72;
				ENABLE_PREVIEWS = YES;
				GENERATE_INFOPLIST_FILE = YES;
				INFOPLIST_KEY_UIApplicationSceneManifest_Generation = YES;
				INFOPLIST_KEY_UIApplicationSupportsIndirectInputEvents = YES;
				INFOPLIST_KEY_UILaunchScreen_Generation = YES;
				INFOPLIST_KEY_UISupportedInterfaceOrientations_iPad = "UIInterfaceOrientationPortrait UIInterfaceOrientationPortraitUpsideDown UIInterfaceOrientationLandscapeLeft UIInterfaceOrientationLandscapeRight";
				INFOPLIST_KEY_UISupportedInterfaceOrientations_iPhone = "UIInterfaceOrientationPortrait UIInterfaceOrientationLandscapeLeft UIInterfaceOrientationLandscapeRight";
				LD_RUNPATH_SEARCH_PATHS = (
					"$(inherited)",
					"@executable_path/Frameworks",
				);
				MARKETING_VERSION = 1.0;
				PRODUCT_BUNDLE_IDENTIFIER = com.AryamanSharda.TimerDemo;
				PRODUCT_NAME = "$(TARGET_NAME)";
				SWIFT_EMIT_LOC_STRINGS = YES;
				SWIFT_VERSION = 5.0;
				TARGETED_DEVICE_FAMILY = "1,2";
			};
			name = Debug;
		};
		932C74B629A40596007EA8CE /* Release */ = {
			isa = XCBuildConfiguration;
			buildSettings = {
				ASSETCATALOG_COMPILER_APPICON_NAME = AppIcon;
				ASSETCATALOG_COMPILER_GLOBAL_ACCENT_COLOR_NAME = AccentColor;
				CODE_SIGN_STYLE = Automatic;
				CURRENT_PROJECT_VERSION = 1;
				DEVELOPMENT_ASSET_PATHS = "\"TimerDemo/Preview Content\"";
				DEVELOPMENT_TEAM = W735WRNN72;
				ENABLE_PREVIEWS = YES;
				GENERATE_INFOPLIST_FILE = YES;
				INFOPLIST_KEY_UIApplicationSceneManifest_Generation = YES;
				INFOPLIST_KEY_UIApplicationSupportsIndirectInputEvents = YES;
				INFOPLIST_KEY_UILaunchScreen_Generation = YES;
				INFOPLIST_KEY_UISupportedInterfaceOrientations_iPad = "UIInterfaceOrientationPortrait UIInterfaceOrientationPortraitUpsideDown UIInterfaceOrientationLandscapeLeft UIInterfaceOrientationLandscapeRight";
				INFOPLIST_KEY_UISupportedInterfaceOrientations_iPhone = "UIInterfaceOrientationPortrait UIInterfaceOrientationLandscapeLeft UIInterfaceOrientationLandscapeRight";
				LD_RUNPATH_SEARCH_PATHS = (
					"$(inherited)",
					"@executable_path/Frameworks",
				);
				MARKETING_VERSION = 1.0;
				PRODUCT_BUNDLE_IDENTIFIER = com.AryamanSharda.TimerDemo;
				PRODUCT_NAME = "$(TARGET_NAME)";
				SWIFT_EMIT_LOC_STRINGS = YES;
				SWIFT_VERSION = 5.0;
				TARGETED_DEVICE_FAMILY = "1,2";
			};
			name = Release;
		};
		932C74B829A40596007EA8CE /* Debug */ = {
			isa = XCBuildConfiguration;
			buildSettings = {
				ALWAYS_EMBED_SWIFT_STANDARD_LIBRARIES = YES;
				BUNDLE_LOADER = "$(TEST_HOST)";
				CODE_SIGN_STYLE = Automatic;
				CURRENT_PROJECT_VERSION = 1;
				DEVELOPMENT_TEAM = W735WRNN72;
				GENERATE_INFOPLIST_FILE = YES;
				IPHONEOS_DEPLOYMENT_TARGET = 16.2;
				MARKETING_VERSION = 1.0;
				PRODUCT_BUNDLE_IDENTIFIER = com.AryamanSharda.TimerDemoTests;
				PRODUCT_NAME = "$(TARGET_NAME)";
				SWIFT_EMIT_LOC_STRINGS = NO;
				SWIFT_VERSION = 5.0;
				TARGETED_DEVICE_FAMILY = "1,2";
				TEST_HOST = "$(BUILT_PRODUCTS_DIR)/TimerDemo.app/$(BUNDLE_EXECUTABLE_FOLDER_PATH)/TimerDemo";
			};
			name = Debug;
		};
		932C74B929A40596007EA8CE /* Release */ = {
			isa = XCBuildConfiguration;
			buildSettings = {
				ALWAYS_EMBED_SWIFT_STANDARD_LIBRARIES = YES;
				BUNDLE_LOADER = "$(TEST_HOST)";
				CODE_SIGN_STYLE = Automatic;
				CURRENT_PROJECT_VERSION = 1;
				DEVELOPMENT_TEAM = W735WRNN72;
				GENERATE_INFOPLIST_FILE = YES;
				IPHONEOS_DEPLOYMENT_TARGET = 16.2;
				MARKETING_VERSION = 1.0;
				PRODUCT_BUNDLE_IDENTIFIER = com.AryamanSharda.TimerDemoTests;
				PRODUCT_NAME = "$(TARGET_NAME)";
				SWIFT_EMIT_LOC_STRINGS = NO;
				SWIFT_VERSION = 5.0;
				TARGETED_DEVICE_FAMILY = "1,2";
				TEST_HOST = "$(BUILT_PRODUCTS_DIR)/TimerDemo.app/$(BUNDLE_EXECUTABLE_FOLDER_PATH)/TimerDemo";
			};
			name = Release;
		};
		932C74BB29A40596007EA8CE /* Debug */ = {
			isa = XCBuildConfiguration;
			buildSettings = {
				ALWAYS_EMBED_SWIFT_STANDARD_LIBRARIES = YES;
				CODE_SIGN_STYLE = Automatic;
				CURRENT_PROJECT_VERSION = 1;
				DEVELOPMENT_TEAM = W735WRNN72;
				GENERATE_INFOPLIST_FILE = YES;
				MARKETING_VERSION = 1.0;
				PRODUCT_BUNDLE_IDENTIFIER = com.AryamanSharda.TimerDemoUITests;
				PRODUCT_NAME = "$(TARGET_NAME)";
				SWIFT_EMIT_LOC_STRINGS = NO;
				SWIFT_VERSION = 5.0;
				TARGETED_DEVICE_FAMILY = "1,2";
				TEST_TARGET_NAME = TimerDemo;
			};
			name = Debug;
		};
		932C74BC29A40596007EA8CE /* Release */ = {
			isa = XCBuildConfiguration;
			buildSettings = {
				ALWAYS_EMBED_SWIFT_STANDARD_LIBRARIES = YES;
				CODE_SIGN_STYLE = Automatic;
				CURRENT_PROJECT_VERSION = 1;
				DEVELOPMENT_TEAM = W735WRNN72;
				GENERATE_INFOPLIST_FILE = YES;
				MARKETING_VERSION = 1.0;
				PRODUCT_BUNDLE_IDENTIFIER = com.AryamanSharda.TimerDemoUITests;
				PRODUCT_NAME = "$(TARGET_NAME)";
				SWIFT_EMIT_LOC_STRINGS = NO;
				SWIFT_VERSION = 5.0;
				TARGETED_DEVICE_FAMILY = "1,2";
				TEST_TARGET_NAME = TimerDemo;
			};
			name = Release;
		};
/* End XCBuildConfiguration section */

/* Begin XCConfigurationList section */
		932C748B29A40595007EA8CE /* Build configuration list for PBXProject "TimerDemo" */ = {
			isa = XCConfigurationList;
			buildConfigurations = (
				932C74B229A40596007EA8CE /* Debug */,
				932C74B329A40596007EA8CE /* Release */,
			);
			defaultConfigurationIsVisible = 0;
			defaultConfigurationName = Release;
		};
		932C74B429A40596007EA8CE /* Build configuration list for PBXNativeTarget "TimerDemo" */ = {
			isa = XCConfigurationList;
			buildConfigurations = (
				932C74B529A40596007EA8CE /* Debug */,
				932C74B629A40596007EA8CE /* Release */,
			);
			defaultConfigurationIsVisible = 0;
			defaultConfigurationName = Release;
		};
		932C74B729A40596007EA8CE /* Build configuration list for PBXNativeTarget "TimerDemoTests" */ = {
			isa = XCConfigurationList;
			buildConfigurations = (
				932C74B829A40596007EA8CE /* Debug */,
				932C74B929A40596007EA8CE /* Release */,
			);
			defaultConfigurationIsVisible = 0;
			defaultConfigurationName = Release;
		};
		932C74BA29A40596007EA8CE /* Build configuration list for PBXNativeTarget "TimerDemoUITests" */ = {
			isa = XCConfigurationList;
			buildConfigurations = (
				932C74BB29A40596007EA8CE /* Debug */,
				932C74BC29A40596007EA8CE /* Release */,
			);
			defaultConfigurationIsVisible = 0;
			defaultConfigurationName = Release;
		};
/* End XCConfigurationList section */
	};
	rootObject = 932C748829A40595007EA8CE /* Project object */;
}
